
Microsoft Visual Studio Solution File, Format Version 12.00
# Visual Studio Version 17
VisualStudioVersion = 17.0.31919.166
MinimumVisualStudioVersion = 10.0.40219.1
Project("{FAE04EC0-301F-11D3-BF4B-00C04F79EFBC}") = "Pikachu.", "Pikachu\Pikachu..csproj", "{2F6ADE48-DBD0-46AE-8204-7386A47D4B45}"
EndProject
Global
	GlobalSection(SolutionConfigurationPlatforms) = preSolution
		Debug|Any CPU = Debug|Any CPU
		Release|Any CPU = Release|Any CPU
	EndGlobalSection
	GlobalSection(ProjectConfigurationPlatforms) = postSolution
		{2F6ADE48-DBD0-46AE-8204-7386A47D4B45}.Debug|Any CPU.ActiveCfg = Debug|Any CPU
		{2F6ADE48-DBD0-46AE-8204-7386A47D4B45}.Debug|Any CPU.Build.0 = Debug|Any CPU
		{2F6ADE48-DBD0-46AE-8204-7386A47D4B45}.Release|Any CPU.ActiveCfg = Release|Any CPU
		{2F6ADE48-DBD0-46AE-8204-7386A47D4B45}.Release|Any CPU.Build.0 = Release|Any CPU
	EndGlobalSection
	GlobalSection(SolutionProperties) = preSolution
		HideSolutionNode = FALSE
	EndGlobalSection
	GlobalSection(ExtensibilityGlobals) = postSolution
		SolutionGuid = {CD532C20-A456-4BA1-9D82-13DA2E20FE47}
	EndGlobalSection
EndGlobal
